
Microsoft Visual Studio Solution File, Format Version 12.00
# Visual Studio Version 16
VisualStudioVersion = 16.0.30225.117
MinimumVisualStudioVersion = 10.0.40219.1
Project("{00D1A9C2-B5F0-4AF3-8072-F6C62B433612}") = "Database1", "Database1\Database1.sqlproj", "{A5D190E5-5FA8-4294-98B3-96A416B4C504}"
EndProject
Global
	GlobalSection(SolutionConfigurationPlatforms) = preSolution
		Debug|Any CPU = Debug|Any CPU
		Release|Any CPU = Release|Any CPU
	EndGlobalSection
	GlobalSection(ProjectConfigurationPlatforms) = postSolution
		{A5D190E5-5FA8-4294-98B3-96A416B4C504}.Debug|Any CPU.ActiveCfg = Debug|Any CPU
		{A5D190E5-5FA8-4294-98B3-96A416B4C504}.Debug|Any CPU.Build.0 = Debug|Any CPU
		{A5D190E5-5FA8-4294-98B3-96A416B4C504}.Debug|Any CPU.Deploy.0 = Debug|Any CPU
		{A5D190E5-5FA8-4294-98B3-96A416B4C504}.Release|Any CPU.ActiveCfg = Release|Any CPU
		{A5D190E5-5FA8-4294-98B3-96A416B4C504}.Release|Any CPU.Build.0 = Release|Any CPU
		{A5D190E5-5FA8-4294-98B3-96A416B4C504}.Release|Any CPU.Deploy.0 = Release|Any CPU
	EndGlobalSection
	GlobalSection(SolutionProperties) = preSolution
		HideSolutionNode = FALSE
	EndGlobalSection
	GlobalSection(ExtensibilityGlobals) = postSolution
		SolutionGuid = {6A2DAB0E-C2FD-4DF3-832A-847B4C5F90C0}
	EndGlobalSection
EndGlobal
